PODS:
  - Action (3.0.0):
    - RxCocoa (~> 3.4.0)
    - RxSwift (~> 3.4.0)
  - Auth0 (1.7.1):
    - SimpleKeychain
  - Dotzu (1.8)
  - Lock (2.3.1):
    - Auth0 (~> 1.6)
    - Lock/Classic (= 2.3.1)
  - Lock/Classic (2.3.1):
    - Auth0 (~> 1.6)
  - NSObject+Rx (2.1.0):
    - RxSwift
  - Realm (2.6.2):
    - Realm/Headers (= 2.6.2)
  - Realm/Headers (2.6.2)
  - RealmSwift (2.6.2):
    - Realm (= 2.6.2)
  - RxCocoa (3.4.1):
    - RxSwift (~> 3.4)
  - RxDataSources (1.0.3):
    - RxCocoa (~> 3.0)
    - RxSwift (~> 3.0)
  - RxGesture (1.0.1):
    - RxCocoa (~> 3.4)
    - RxSwift (~> 3.4)
  - RxRealm (0.6.0):
    - RealmSwift (~> 2.5)
    - RxSwift (~> 3.2)
  - RxSwift (3.4.1)
  - RxSwiftExt (2.5.1):
    - RxSwiftExt/Core (= 2.5.1)
  - RxSwiftExt/Core (2.5.1):
    - RxSwift (~> 3.4)
  - SDWebImage (4.0.0):
    - SDWebImage/Core (= 4.0.0)
  - SDWebImage/Core (4.0.0)
  - SimpleKeychain (0.8.0)
  - SwiftyImage (1.1.0)
  - TwicketSegmentedControl (0.1.2)
  - Whisper (5.0.0)

DEPENDENCIES:
  - Action
  - Auth0
  - Dotzu
  - Lock
  - NSObject+Rx
  - RealmSwift
  - RxCocoa
  - RxDataSources
  - RxGesture
  - RxRealm
  - RxSwift
  - RxSwiftExt
  - SDWebImage
  - SimpleKeychain
  - SwiftyImage
  - TwicketSegmentedControl
  - Whisper

SPEC CHECKSUMS:
  Action: fed388b9160ad787a58cb34b5064db6dbaae7e45
  Auth0: b23f0d9f45bdcd70652f5427d3411519d79ddaa1
  Dotzu: e787896f08474f4e4574baa20ec556361dfebf0c
  Lock: ff300a4039e2191bc1b2a29f6ed956412c252ffd
  NSObject+Rx: '09277ba78aa12a8e454c82429eb4e31bfb413131'
  Realm: 29222766425b9f831228f81b63f0e38a97a4d700
  RealmSwift: d161a80f96cb91ae88391a7d5a9cf08024a7bc8e
  RxCocoa: a8a5f1d061d0043e28f56976829f31ce63e8eb09
  RxDataSources: a021a0e944ba5f7991259829d973afdbfa719c0b
  RxGesture: 1f770b247c69e8133fb8f4ef263571efd0ae91a1
  RxRealm: 323de579b50b5e0f4a3e087d5925021f976ffaf1
  RxSwift: 656f8fbeca5bc372121a72d9ebdd3cd3bc0ffade
  RxSwiftExt: ec25c6df68d15ad6fe326792d60452b52e83d606
  SDWebImage: 76a6348bdc74eb5a55dd08a091ef298e56b55e41
  SimpleKeychain: 84c748463eec601dfee5e7990f55cc82edc5488d
  SwiftyImage: 4d3feb0211beb7217b39ac553e3ee64ceb72d611
  TwicketSegmentedControl: 6d7a4cf243657e0ac3f00d06d873a25334c04042
  Whisper: 051f25e704bf8992641ffd28b20d5682ddc5f5d3

PODFILE CHECKSUM: f1c86d3b75c6858942ccf8926a11f16d1318dbb9

COCOAPODS: 1.2.1
