// !$*UTF8*$!
{
	archiveVersion = 1;
	classes = {
	};
	objectVersion = 46;
	objects = {

/* Begin PBXBuildFile section */
		230986371F1FB44400C5BC16 /* User.swift in Sources */ = {isa = PBXBuildFile; fileRef = 230986361F1FB44400C5BC16 /* User.swift */; };
		230986391F1FB68800C5BC16 /* Run.swift in Sources */ = {isa = PBXBuildFile; fileRef = 230986381F1FB68800C5BC16 /* Run.swift */; };
		2309863E1F1FB75C00C5BC16 /* Event.swift in Sources */ = {isa = PBXBuildFile; fileRef = 2309863D1F1FB75C00C5BC16 /* Event.swift */; };
		230996A81F26380D00F94FD9 /* Colors.swift in Sources */ = {isa = PBXBuildFile; fileRef = 230996A71F26380D00F94FD9 /* Colors.swift */; };
		230996AA1F26384000F94FD9 /* UIColor.swift in Sources */ = {isa = PBXBuildFile; fileRef = 230996A91F26384000F94FD9 /* UIColor.swift */; };
		230996AC1F263A0600F94FD9 /* Fonts.swift in Sources */ = {isa = PBXBuildFile; fileRef = 230996AB1F263A0600F94FD9 /* Fonts.swift */; };
		230996AE1F263DA100F94FD9 /* MockUser.swift in Sources */ = {isa = PBXBuildFile; fileRef = 230996AD1F263DA100F94FD9 /* MockUser.swift */; };
		230996B01F2641B800F94FD9 /* Date.swift in Sources */ = {isa = PBXBuildFile; fileRef = 230996AF1F2641B800F94FD9 /* Date.swift */; };
		23218F231F2A457000F651CC /* Auth0.plist in Resources */ = {isa = PBXBuildFile; fileRef = 23218F221F2A457000F651CC /* Auth0.plist */; };
		2334739E1F2A9A97003DB1C8 /* ConnectViewController.swift in Sources */ = {isa = PBXBuildFile; fileRef = 2334739D1F2A9A97003DB1C8 /* ConnectViewController.swift */; };
		233473A11F2A9B93003DB1C8 /* ConnectTableViewCell.swift in Sources */ = {isa = PBXBuildFile; fileRef = 233473A01F2A9B93003DB1C8 /* ConnectTableViewCell.swift */; };
		235DC2921F4398E100CB3318 /* ProfileViewModel.swift in Sources */ = {isa = PBXBuildFile; fileRef = 235DC2911F4398E100CB3318 /* ProfileViewModel.swift */; };
		2376D8081F2BD30900AE4084 /* UserDetailViewController.swift in Sources */ = {isa = PBXBuildFile; fileRef = 2376D8071F2BD30900AE4084 /* UserDetailViewController.swift */; };
		2376D8151F2BE2BF00AE4084 /* OpenSans-Bold.ttf in Resources */ = {isa = PBXBuildFile; fileRef = 2376D80B1F2BE2B300AE4084 /* OpenSans-Bold.ttf */; };
		2376D8161F2BE2BF00AE4084 /* OpenSans-BoldItalic.ttf in Resources */ = {isa = PBXBuildFile; fileRef = 2376D80C1F2BE2B300AE4084 /* OpenSans-BoldItalic.ttf */; };
		2376D8171F2BE2BF00AE4084 /* OpenSans-ExtraBold.ttf in Resources */ = {isa = PBXBuildFile; fileRef = 2376D80D1F2BE2B300AE4084 /* OpenSans-ExtraBold.ttf */; };
		2376D8181F2BE2BF00AE4084 /* OpenSans-ExtraBoldItalic.ttf in Resources */ = {isa = PBXBuildFile; fileRef = 2376D80E1F2BE2B300AE4084 /* OpenSans-ExtraBoldItalic.ttf */; };
		2376D8191F2BE2BF00AE4084 /* OpenSans-Italic.ttf in Resources */ = {isa = PBXBuildFile; fileRef = 2376D80F1F2BE2B300AE4084 /* OpenSans-Italic.ttf */; };
		2376D81A1F2BE2BF00AE4084 /* OpenSans-Light.ttf in Resources */ = {isa = PBXBuildFile; fileRef = 2376D8101F2BE2B300AE4084 /* OpenSans-Light.ttf */; };
		2376D81B1F2BE2BF00AE4084 /* OpenSans-LightItalic.ttf in Resources */ = {isa = PBXBuildFile; fileRef = 2376D8111F2BE2B300AE4084 /* OpenSans-LightItalic.ttf */; };
		2376D81C1F2BE2BF00AE4084 /* OpenSans-Regular.ttf in Resources */ = {isa = PBXBuildFile; fileRef = 2376D8121F2BE2B300AE4084 /* OpenSans-Regular.ttf */; };
		2376D81D1F2BE2BF00AE4084 /* OpenSans-SemiBold.ttf in Resources */ = {isa = PBXBuildFile; fileRef = 2376D8131F2BE2B300AE4084 /* OpenSans-SemiBold.ttf */; };
		2376D81E1F2BE2BF00AE4084 /* OpenSans-SemiBoldItalic.ttf in Resources */ = {isa = PBXBuildFile; fileRef = 2376D8141F2BE2B300AE4084 /* OpenSans-SemiBoldItalic.ttf */; };
		237BA7E81F2FE24D009F3F27 /* ProfileViewController.swift in Sources */ = {isa = PBXBuildFile; fileRef = 237BA7E71F2FE24D009F3F27 /* ProfileViewController.swift */; };
		237BA7EA1F2FE2BD009F3F27 /* ProfileTableViewCell.swift in Sources */ = {isa = PBXBuildFile; fileRef = 237BA7E91F2FE2BD009F3F27 /* ProfileTableViewCell.swift */; };
		237BA7EC1F2FE5E3009F3F27 /* StatBlockCollectionViewCell.swift in Sources */ = {isa = PBXBuildFile; fileRef = 237BA7EB1F2FE5E3009F3F27 /* StatBlockCollectionViewCell.swift */; };
		237BA7EE1F30C37F009F3F27 /* CellType.swift in Sources */ = {isa = PBXBuildFile; fileRef = 237BA7ED1F30C37F009F3F27 /* CellType.swift */; };
		2385A2A71F1EACAF00DD0FDE /* AppDelegate.swift in Sources */ = {isa = PBXBuildFile; fileRef = 2385A2A61F1EACAF00DD0FDE /* AppDelegate.swift */; };
		2385A2AC1F1EACAF00DD0FDE /* Main.storyboard in Resources */ = {isa = PBXBuildFile; fileRef = 2385A2AA1F1EACAF00DD0FDE /* Main.storyboard */; };
		2385A2AE1F1EACAF00DD0FDE /* Assets.xcassets in Resources */ = {isa = PBXBuildFile; fileRef = 2385A2AD1F1EACAF00DD0FDE /* Assets.xcassets */; };
		2385A2B11F1EACAF00DD0FDE /* LaunchScreen.storyboard in Resources */ = {isa = PBXBuildFile; fileRef = 2385A2AF1F1EACAF00DD0FDE /* LaunchScreen.storyboard */; };
		239124BB1F3261F00025EC25 /* AvatarImageViewConfiguration.swift in Sources */ = {isa = PBXBuildFile; fileRef = 239124BA1F3261F00025EC25 /* AvatarImageViewConfiguration.swift */; };
		239124BD1F32635E0025EC25 /* User+AvatarData.swift in Sources */ = {isa = PBXBuildFile; fileRef = 239124BC1F32635E0025EC25 /* User+AvatarData.swift */; };
		239B2C2C1F30E8DD007BC817 /* ConnectScene.swift in Sources */ = {isa = PBXBuildFile; fileRef = 239B2C2B1F30E8DD007BC817 /* ConnectScene.swift */; };
		239B2C2E1F30EF2D007BC817 /* RunTableViewCell.swift in Sources */ = {isa = PBXBuildFile; fileRef = 239B2C2D1F30EF2D007BC817 /* RunTableViewCell.swift */; };
		239B2C301F310BF4007BC817 /* ActivityTableViewCell.swift in Sources */ = {isa = PBXBuildFile; fileRef = 239B2C2F1F310BF4007BC817 /* ActivityTableViewCell.swift */; };
		239B2C321F310CF2007BC817 /* HomeViewController.swift in Sources */ = {isa = PBXBuildFile; fileRef = 239B2C311F310CF2007BC817 /* HomeViewController.swift */; };
		239B2C341F311417007BC817 /* HomeViewModel.swift in Sources */ = {isa = PBXBuildFile; fileRef = 239B2C331F311417007BC817 /* HomeViewModel.swift */; };
		239B2C361F311B27007BC817 /* HomeScene.swift in Sources */ = {isa = PBXBuildFile; fileRef = 239B2C351F311B27007BC817 /* HomeScene.swift */; };
		239B2C381F312648007BC817 /* ChartTableViewCell.swift in Sources */ = {isa = PBXBuildFile; fileRef = 239B2C371F312648007BC817 /* ChartTableViewCell.swift */; };
		239B2C3A1F322273007BC817 /* DispatchQueue.swift in Sources */ = {isa = PBXBuildFile; fileRef = 239B2C391F322273007BC817 /* DispatchQueue.swift */; };
		23BF37591F20F9730066DC9D /* MKMapView+Rx.swift in Sources */ = {isa = PBXBuildFile; fileRef = 23BF37571F20F9730066DC9D /* MKMapView+Rx.swift */; };
		23BF375A1F20F9730066DC9D /* RxMKMapViewDelegateProxy.swift in Sources */ = {isa = PBXBuildFile; fileRef = 23BF37581F20F9730066DC9D /* RxMKMapViewDelegateProxy.swift */; };
		23BF375C1F20F9B60066DC9D /* CLLocationManager+Rx.swift in Sources */ = {isa = PBXBuildFile; fileRef = 23BF375B1F20F9B60066DC9D /* CLLocationManager+Rx.swift */; };
		23BF375E1F20F9D70066DC9D /* RunViewController.swift in Sources */ = {isa = PBXBuildFile; fileRef = 23BF375D1F20F9D70066DC9D /* RunViewController.swift */; };
		23BF37601F20FA2E0066DC9D /* RunViewModel.swift in Sources */ = {isa = PBXBuildFile; fileRef = 23BF375F1F20FA2E0066DC9D /* RunViewModel.swift */; };
		23BF37621F2101340066DC9D /* MainScene.swift in Sources */ = {isa = PBXBuildFile; fileRef = 23BF37611F2101340066DC9D /* MainScene.swift */; };
		23BF377D1F213AB10066DC9D /* AtlasTabBarController.swift in Sources */ = {isa = PBXBuildFile; fileRef = 23BF377C1F213AB10066DC9D /* AtlasTabBarController.swift */; };
		23BF377F1F2141DB0066DC9D /* UITabBarController+Rx.swift in Sources */ = {isa = PBXBuildFile; fileRef = 23BF377E1F2141DB0066DC9D /* UITabBarController+Rx.swift */; };
		23BF37811F2149C60066DC9D /* AtlasTabBarViewModel.swift in Sources */ = {isa = PBXBuildFile; fileRef = 23BF37801F2149C60066DC9D /* AtlasTabBarViewModel.swift */; };
		23BF37831F214CF70066DC9D /* RunScene.swift in Sources */ = {isa = PBXBuildFile; fileRef = 23BF37821F214CF70066DC9D /* RunScene.swift */; };
		23C775AE1F38C4C100BE45B4 /* HeaderCollapsible+defaultTable.generated.swift in Sources */ = {isa = PBXBuildFile; fileRef = 23C775AD1F38C4C100BE45B4 /* HeaderCollapsible+defaultTable.generated.swift */; };
		23C8C2161F1FDF140056B4F2 /* LandingViewController.swift in Sources */ = {isa = PBXBuildFile; fileRef = 23C8C2151F1FDF140056B4F2 /* LandingViewController.swift */; };
		23C8C2181F1FE0B40056B4F2 /* CoordinatorType.swift in Sources */ = {isa = PBXBuildFile; fileRef = 23C8C2171F1FE0B40056B4F2 /* CoordinatorType.swift */; };
		23C8C21D1F1FE1DF0056B4F2 /* LandingViewModel.swift in Sources */ = {isa = PBXBuildFile; fileRef = 23C8C21C1F1FE1DF0056B4F2 /* LandingViewModel.swift */; };
		23C8C21F1F1FE30E0056B4F2 /* BindableType.swift in Sources */ = {isa = PBXBuildFile; fileRef = 23C8C21E1F1FE30E0056B4F2 /* BindableType.swift */; };
		23C8C2241F1FE4200056B4F2 /* TransitionType.swift in Sources */ = {isa = PBXBuildFile; fileRef = 23C8C2231F1FE4200056B4F2 /* TransitionType.swift */; };
		23C8C2281F1FE7030056B4F2 /* Auth.storyboard in Resources */ = {isa = PBXBuildFile; fileRef = 23C8C2271F1FE7030056B4F2 /* Auth.storyboard */; };
		23C8C22A1F1FE7870056B4F2 /* Home.storyboard in Resources */ = {isa = PBXBuildFile; fileRef = 23C8C2291F1FE7870056B4F2 /* Home.storyboard */; };
		23C8C22C1F1FE78E0056B4F2 /* Connect.storyboard in Resources */ = {isa = PBXBuildFile; fileRef = 23C8C22B1F1FE78E0056B4F2 /* Connect.storyboard */; };
		23C8C22E1F1FE7960056B4F2 /* Run.storyboard in Resources */ = {isa = PBXBuildFile; fileRef = 23C8C22D1F1FE7960056B4F2 /* Run.storyboard */; };
		23C8C2301F1FE7A80056B4F2 /* Messages.storyboard in Resources */ = {isa = PBXBuildFile; fileRef = 23C8C22F1F1FE7A80056B4F2 /* Messages.storyboard */; };
		23C8C2321F1FE7B30056B4F2 /* Profile.storyboard in Resources */ = {isa = PBXBuildFile; fileRef = 23C8C2311F1FE7B30056B4F2 /* Profile.storyboard */; };
		23C8C2351F1FEA9F0056B4F2 /* SceneType.swift in Sources */ = {isa = PBXBuildFile; fileRef = 23C8C2341F1FEA9F0056B4F2 /* SceneType.swift */; };
		23C8C2371F1FEACE0056B4F2 /* AuthScene.swift in Sources */ = {isa = PBXBuildFile; fileRef = 23C8C2361F1FEACE0056B4F2 /* AuthScene.swift */; };
		23C8C2391F1FECBD0056B4F2 /* Coordinator.swift in Sources */ = {isa = PBXBuildFile; fileRef = 23C8C2381F1FECBD0056B4F2 /* Coordinator.swift */; };
		23CB16BB1F27A20200310857 /* SignUpViewController.swift in Sources */ = {isa = PBXBuildFile; fileRef = 23CB16BA1F27A20200310857 /* SignUpViewController.swift */; };
		23CB16BD1F27A21000310857 /* LogInViewController.swift in Sources */ = {isa = PBXBuildFile; fileRef = 23CB16BC1F27A21000310857 /* LogInViewController.swift */; };
		23CB16BF1F27A21F00310857 /* SignUpViewModel.swift in Sources */ = {isa = PBXBuildFile; fileRef = 23CB16BE1F27A21F00310857 /* SignUpViewModel.swift */; };
		23CB16C11F27A2A200310857 /* LogInViewModel.swift in Sources */ = {isa = PBXBuildFile; fileRef = 23CB16C01F27A2A200310857 /* LogInViewModel.swift */; };
		23E0D6651F2B9D2C005E8E9F /* ConnectViewModel.swift in Sources */ = {isa = PBXBuildFile; fileRef = 23E0D6641F2B9D2C005E8E9F /* ConnectViewModel.swift */; };
		23E0D6671F2B9E1C005E8E9F /* TwicketSegmentedControl+Rx.swift in Sources */ = {isa = PBXBuildFile; fileRef = 23E0D6661F2B9E1C005E8E9F /* TwicketSegmentedControl+Rx.swift */; };
		23E0D66C1F2BBB7D005E8E9F /* Palette.swift in Sources */ = {isa = PBXBuildFile; fileRef = 23E0D6691F2BBB7D005E8E9F /* Palette.swift */; };
		23E0D66D1F2BBB7D005E8E9F /* TwicketSegmentedControl.swift in Sources */ = {isa = PBXBuildFile; fileRef = 23E0D66A1F2BBB7D005E8E9F /* TwicketSegmentedControl.swift */; };
		23E0D66E1F2BBB7D005E8E9F /* UIViewShadowExtension.swift in Sources */ = {isa = PBXBuildFile; fileRef = 23E0D66B1F2BBB7D005E8E9F /* UIViewShadowExtension.swift */; };
		23E23A961F327298003FCE4E /* Kingfisher.swift in Sources */ = {isa = PBXBuildFile; fileRef = 23E23A951F327298003FCE4E /* Kingfisher.swift */; };
		23E23A9A1F33BAD7003FCE4E /* BannerImage.swift in Sources */ = {isa = PBXBuildFile; fileRef = 23E23A991F33BAD7003FCE4E /* BannerImage.swift */; };
		23E23A9C1F34D120003FCE4E /* HeaderCollapsible.swift in Sources */ = {isa = PBXBuildFile; fileRef = 23E23A9B1F34D120003FCE4E /* HeaderCollapsible.swift */; };
		23E23AA21F38C2B7003FCE4E /* HeaderCollapsible+defaultTable.stencil in Resources */ = {isa = PBXBuildFile; fileRef = 23E23AA11F38C2B7003FCE4E /* HeaderCollapsible+defaultTable.stencil */; };
		23EC75B81F3DFA0400A415D0 /* AWSConstants.swift in Sources */ = {isa = PBXBuildFile; fileRef = 23EC75B71F3DFA0400A415D0 /* AWSConstants.swift */; };
		23EC75D61F3E256D00A415D0 /* UIViewController.swift in Sources */ = {isa = PBXBuildFile; fileRef = 23EC75D51F3E256D00A415D0 /* UIViewController.swift */; };
		23FCE4041F3CBD7A00CBCAA0 /* AuthService.swift in Sources */ = {isa = PBXBuildFile; fileRef = 23FCE4031F3CBD7A00CBCAA0 /* AuthService.swift */; };
		69AF444DA16B29D2728F947B /* Pods_Atlas.framework in Frameworks */ = {isa = PBXBuildFile; fileRef = CF380FC0BB4B728207972622 /* Pods_Atlas.framework */; };
/* End PBXBuildFile section */

/* Begin PBXFileReference section */
		230986361F1FB44400C5BC16 /* User.swift */ = {isa = PBXFileReference; fileEncoding = 4; lastKnownFileType = sourcecode.swift; path = User.swift; sourceTree = "<group>"; };
		230986381F1FB68800C5BC16 /* Run.swift */ = {isa = PBXFileReference; fileEncoding = 4; lastKnownFileType = sourcecode.swift; path = Run.swift; sourceTree = "<group>"; };
		2309863D1F1FB75C00C5BC16 /* Event.swift */ = {isa = PBXFileReference; fileEncoding = 4; lastKnownFileType = sourcecode.swift; path = Event.swift; sourceTree = "<group>"; };
		230996A71F26380D00F94FD9 /* Colors.swift */ = {isa = PBXFileReference; fileEncoding = 4; lastKnownFileType = sourcecode.swift; path = Colors.swift; sourceTree = "<group>"; };
		230996A91F26384000F94FD9 /* UIColor.swift */ = {isa = PBXFileReference; fileEncoding = 4; lastKnownFileType = sourcecode.swift; path = UIColor.swift; sourceTree = "<group>"; };
		230996AB1F263A0600F94FD9 /* Fonts.swift */ = {isa = PBXFileReference; fileEncoding = 4; lastKnownFileType = sourcecode.swift; path = Fonts.swift; sourceTree = "<group>"; };
		230996AD1F263DA100F94FD9 /* MockUser.swift */ = {isa = PBXFileReference; fileEncoding = 4; lastKnownFileType = sourcecode.swift; path = MockUser.swift; sourceTree = "<group>"; };
		230996AF1F2641B800F94FD9 /* Date.swift */ = {isa = PBXFileReference; fileEncoding = 4; lastKnownFileType = sourcecode.swift; path = Date.swift; sourceTree = "<group>"; };
		23218F221F2A457000F651CC /* Auth0.plist */ = {isa = PBXFileReference; fileEncoding = 4; lastKnownFileType = text.plist.xml; path = Auth0.plist; sourceTree = "<group>"; };
		2334739D1F2A9A97003DB1C8 /* ConnectViewController.swift */ = {isa = PBXFileReference; fileEncoding = 4; lastKnownFileType = sourcecode.swift; path = ConnectViewController.swift; sourceTree = "<group>"; };
		233473A01F2A9B93003DB1C8 /* ConnectTableViewCell.swift */ = {isa = PBXFileReference; fileEncoding = 4; lastKnownFileType = sourcecode.swift; path = ConnectTableViewCell.swift; sourceTree = "<group>"; };
		235DC2911F4398E100CB3318 /* ProfileViewModel.swift */ = {isa = PBXFileReference; fileEncoding = 4; lastKnownFileType = sourcecode.swift; path = ProfileViewModel.swift; sourceTree = "<group>"; };
		2376D8071F2BD30900AE4084 /* UserDetailViewController.swift */ = {isa = PBXFileReference; fileEncoding = 4; lastKnownFileType = sourcecode.swift; path = UserDetailViewController.swift; sourceTree = "<group>"; };
		2376D80B1F2BE2B300AE4084 /* OpenSans-Bold.ttf */ = {isa = PBXFileReference; lastKnownFileType = file; path = "OpenSans-Bold.ttf"; sourceTree = "<group>"; };
		2376D80C1F2BE2B300AE4084 /* OpenSans-BoldItalic.ttf */ = {isa = PBXFileReference; lastKnownFileType = file; path = "OpenSans-BoldItalic.ttf"; sourceTree = "<group>"; };
		2376D80D1F2BE2B300AE4084 /* OpenSans-ExtraBold.ttf */ = {isa = PBXFileReference; lastKnownFileType = file; path = "OpenSans-ExtraBold.ttf"; sourceTree = "<group>"; };
		2376D80E1F2BE2B300AE4084 /* OpenSans-ExtraBoldItalic.ttf */ = {isa = PBXFileReference; lastKnownFileType = file; path = "OpenSans-ExtraBoldItalic.ttf"; sourceTree = "<group>"; };
		2376D80F1F2BE2B300AE4084 /* OpenSans-Italic.ttf */ = {isa = PBXFileReference; lastKnownFileType = file; path = "OpenSans-Italic.ttf"; sourceTree = "<group>"; };
		2376D8101F2BE2B300AE4084 /* OpenSans-Light.ttf */ = {isa = PBXFileReference; lastKnownFileType = file; path = "OpenSans-Light.ttf"; sourceTree = "<group>"; };
		2376D8111F2BE2B300AE4084 /* OpenSans-LightItalic.ttf */ = {isa = PBXFileReference; lastKnownFileType = file; path = "OpenSans-LightItalic.ttf"; sourceTree = "<group>"; };
		2376D8121F2BE2B300AE4084 /* OpenSans-Regular.ttf */ = {isa = PBXFileReference; lastKnownFileType = file; path = "OpenSans-Regular.ttf"; sourceTree = "<group>"; };
		2376D8131F2BE2B300AE4084 /* OpenSans-SemiBold.ttf */ = {isa = PBXFileReference; lastKnownFileType = file; path = "OpenSans-SemiBold.ttf"; sourceTree = "<group>"; };
		2376D8141F2BE2B300AE4084 /* OpenSans-SemiBoldItalic.ttf */ = {isa = PBXFileReference; lastKnownFileType = file; path = "OpenSans-SemiBoldItalic.ttf"; sourceTree = "<group>"; };
		237BA7E71F2FE24D009F3F27 /* ProfileViewController.swift */ = {isa = PBXFileReference; fileEncoding = 4; lastKnownFileType = sourcecode.swift; path = ProfileViewController.swift; sourceTree = "<group>"; };
		237BA7E91F2FE2BD009F3F27 /* ProfileTableViewCell.swift */ = {isa = PBXFileReference; fileEncoding = 4; lastKnownFileType = sourcecode.swift; path = ProfileTableViewCell.swift; sourceTree = "<group>"; };
		237BA7EB1F2FE5E3009F3F27 /* StatBlockCollectionViewCell.swift */ = {isa = PBXFileReference; fileEncoding = 4; lastKnownFileType = sourcecode.swift; path = StatBlockCollectionViewCell.swift; sourceTree = "<group>"; };
		237BA7ED1F30C37F009F3F27 /* CellType.swift */ = {isa = PBXFileReference; fileEncoding = 4; lastKnownFileType = sourcecode.swift; path = CellType.swift; sourceTree = "<group>"; };
		2385A2A31F1EACAF00DD0FDE /* Atlas.app */ = {isa = PBXFileReference; explicitFileType = wrapper.application; includeInIndex = 0; path = Atlas.app; sourceTree = BUILT_PRODUCTS_DIR; };
		2385A2A61F1EACAF00DD0FDE /* AppDelegate.swift */ = {isa = PBXFileReference; lastKnownFileType = sourcecode.swift; path = AppDelegate.swift; sourceTree = "<group>"; };
		2385A2AB1F1EACAF00DD0FDE /* Base */ = {isa = PBXFileReference; lastKnownFileType = file.storyboard; name = Base; path = Base.lproj/Main.storyboard; sourceTree = "<group>"; };
		2385A2AD1F1EACAF00DD0FDE /* Assets.xcassets */ = {isa = PBXFileReference; lastKnownFileType = folder.assetcatalog; path = Assets.xcassets; sourceTree = "<group>"; };
		2385A2B01F1EACAF00DD0FDE /* Base */ = {isa = PBXFileReference; lastKnownFileType = file.storyboard; name = Base; path = Base.lproj/LaunchScreen.storyboard; sourceTree = "<group>"; };
		2385A2B21F1EACAF00DD0FDE /* Info.plist */ = {isa = PBXFileReference; lastKnownFileType = text.plist.xml; path = Info.plist; sourceTree = "<group>"; };
		239124BA1F3261F00025EC25 /* AvatarImageViewConfiguration.swift */ = {isa = PBXFileReference; fileEncoding = 4; lastKnownFileType = sourcecode.swift; path = AvatarImageViewConfiguration.swift; sourceTree = "<group>"; };
		239124BC1F32635E0025EC25 /* User+AvatarData.swift */ = {isa = PBXFileReference; fileEncoding = 4; lastKnownFileType = sourcecode.swift; path = "User+AvatarData.swift"; sourceTree = "<group>"; };
		239B2C2B1F30E8DD007BC817 /* ConnectScene.swift */ = {isa = PBXFileReference; fileEncoding = 4; lastKnownFileType = sourcecode.swift; path = ConnectScene.swift; sourceTree = "<group>"; };
		239B2C2D1F30EF2D007BC817 /* RunTableViewCell.swift */ = {isa = PBXFileReference; fileEncoding = 4; lastKnownFileType = sourcecode.swift; path = RunTableViewCell.swift; sourceTree = "<group>"; };
		239B2C2F1F310BF4007BC817 /* ActivityTableViewCell.swift */ = {isa = PBXFileReference; fileEncoding = 4; lastKnownFileType = sourcecode.swift; path = ActivityTableViewCell.swift; sourceTree = "<group>"; };
		239B2C311F310CF2007BC817 /* HomeViewController.swift */ = {isa = PBXFileReference; fileEncoding = 4; lastKnownFileType = sourcecode.swift; path = HomeViewController.swift; sourceTree = "<group>"; };
		239B2C331F311417007BC817 /* HomeViewModel.swift */ = {isa = PBXFileReference; fileEncoding = 4; lastKnownFileType = sourcecode.swift; path = HomeViewModel.swift; sourceTree = "<group>"; };
		239B2C351F311B27007BC817 /* HomeScene.swift */ = {isa = PBXFileReference; fileEncoding = 4; lastKnownFileType = sourcecode.swift; path = HomeScene.swift; sourceTree = "<group>"; };
		239B2C371F312648007BC817 /* ChartTableViewCell.swift */ = {isa = PBXFileReference; fileEncoding = 4; lastKnownFileType = sourcecode.swift; path = ChartTableViewCell.swift; sourceTree = "<group>"; };
		239B2C391F322273007BC817 /* DispatchQueue.swift */ = {isa = PBXFileReference; fileEncoding = 4; lastKnownFileType = sourcecode.swift; path = DispatchQueue.swift; sourceTree = "<group>"; };
		23BF37571F20F9730066DC9D /* MKMapView+Rx.swift */ = {isa = PBXFileReference; fileEncoding = 4; lastKnownFileType = sourcecode.swift; path = "MKMapView+Rx.swift"; sourceTree = "<group>"; };
		23BF37581F20F9730066DC9D /* RxMKMapViewDelegateProxy.swift */ = {isa = PBXFileReference; fileEncoding = 4; lastKnownFileType = sourcecode.swift; path = RxMKMapViewDelegateProxy.swift; sourceTree = "<group>"; };
		23BF375B1F20F9B60066DC9D /* CLLocationManager+Rx.swift */ = {isa = PBXFileReference; fileEncoding = 4; lastKnownFileType = sourcecode.swift; path = "CLLocationManager+Rx.swift"; sourceTree = "<group>"; };
		23BF375D1F20F9D70066DC9D /* RunViewController.swift */ = {isa = PBXFileReference; fileEncoding = 4; lastKnownFileType = sourcecode.swift; path = RunViewController.swift; sourceTree = "<group>"; };
		23BF375F1F20FA2E0066DC9D /* RunViewModel.swift */ = {isa = PBXFileReference; fileEncoding = 4; lastKnownFileType = sourcecode.swift; path = RunViewModel.swift; sourceTree = "<group>"; };
		23BF37611F2101340066DC9D /* MainScene.swift */ = {isa = PBXFileReference; fileEncoding = 4; lastKnownFileType = sourcecode.swift; path = MainScene.swift; sourceTree = "<group>"; };
		23BF377C1F213AB10066DC9D /* AtlasTabBarController.swift */ = {isa = PBXFileReference; fileEncoding = 4; lastKnownFileType = sourcecode.swift; path = AtlasTabBarController.swift; sourceTree = "<group>"; };
		23BF377E1F2141DB0066DC9D /* UITabBarController+Rx.swift */ = {isa = PBXFileReference; fileEncoding = 4; lastKnownFileType = sourcecode.swift; path = "UITabBarController+Rx.swift"; sourceTree = "<group>"; };
		23BF37801F2149C60066DC9D /* AtlasTabBarViewModel.swift */ = {isa = PBXFileReference; fileEncoding = 4; lastKnownFileType = sourcecode.swift; path = AtlasTabBarViewModel.swift; sourceTree = "<group>"; };
		23BF37821F214CF70066DC9D /* RunScene.swift */ = {isa = PBXFileReference; fileEncoding = 4; lastKnownFileType = sourcecode.swift; path = RunScene.swift; sourceTree = "<group>"; };
		23C775AD1F38C4C100BE45B4 /* HeaderCollapsible+defaultTable.generated.swift */ = {isa = PBXFileReference; fileEncoding = 4; lastKnownFileType = sourcecode.swift; path = "HeaderCollapsible+defaultTable.generated.swift"; sourceTree = "<group>"; };
		23C8C2151F1FDF140056B4F2 /* LandingViewController.swift */ = {isa = PBXFileReference; fileEncoding = 4; lastKnownFileType = sourcecode.swift; path = LandingViewController.swift; sourceTree = "<group>"; };
		23C8C2171F1FE0B40056B4F2 /* CoordinatorType.swift */ = {isa = PBXFileReference; fileEncoding = 4; lastKnownFileType = sourcecode.swift; path = CoordinatorType.swift; sourceTree = "<group>"; };
		23C8C21C1F1FE1DF0056B4F2 /* LandingViewModel.swift */ = {isa = PBXFileReference; fileEncoding = 4; lastKnownFileType = sourcecode.swift; path = LandingViewModel.swift; sourceTree = "<group>"; };
		23C8C21E1F1FE30E0056B4F2 /* BindableType.swift */ = {isa = PBXFileReference; fileEncoding = 4; lastKnownFileType = sourcecode.swift; path = BindableType.swift; sourceTree = "<group>"; };
		23C8C2231F1FE4200056B4F2 /* TransitionType.swift */ = {isa = PBXFileReference; fileEncoding = 4; lastKnownFileType = sourcecode.swift; path = TransitionType.swift; sourceTree = "<group>"; };
		23C8C2271F1FE7030056B4F2 /* Auth.storyboard */ = {isa = PBXFileReference; fileEncoding = 4; lastKnownFileType = file.storyboard; path = Auth.storyboard; sourceTree = "<group>"; };
		23C8C2291F1FE7870056B4F2 /* Home.storyboard */ = {isa = PBXFileReference; fileEncoding = 4; lastKnownFileType = file.storyboard; path = Home.storyboard; sourceTree = "<group>"; };
		23C8C22B1F1FE78E0056B4F2 /* Connect.storyboard */ = {isa = PBXFileReference; fileEncoding = 4; lastKnownFileType = file.storyboard; path = Connect.storyboard; sourceTree = "<group>"; };
		23C8C22D1F1FE7960056B4F2 /* Run.storyboard */ = {isa = PBXFileReference; fileEncoding = 4; lastKnownFileType = file.storyboard; path = Run.storyboard; sourceTree = "<group>"; };
		23C8C22F1F1FE7A80056B4F2 /* Messages.storyboard */ = {isa = PBXFileReference; fileEncoding = 4; lastKnownFileType = file.storyboard; path = Messages.storyboard; sourceTree = "<group>"; };
		23C8C2311F1FE7B30056B4F2 /* Profile.storyboard */ = {isa = PBXFileReference; fileEncoding = 4; lastKnownFileType = file.storyboard; path = Profile.storyboard; sourceTree = "<group>"; };
		23C8C2341F1FEA9F0056B4F2 /* SceneType.swift */ = {isa = PBXFileReference; fileEncoding = 4; lastKnownFileType = sourcecode.swift; path = SceneType.swift; sourceTree = "<group>"; };
		23C8C2361F1FEACE0056B4F2 /* AuthScene.swift */ = {isa = PBXFileReference; fileEncoding = 4; lastKnownFileType = sourcecode.swift; path = AuthScene.swift; sourceTree = "<group>"; };
		23C8C2381F1FECBD0056B4F2 /* Coordinator.swift */ = {isa = PBXFileReference; fileEncoding = 4; lastKnownFileType = sourcecode.swift; path = Coordinator.swift; sourceTree = "<group>"; };
		23CB16BA1F27A20200310857 /* SignUpViewController.swift */ = {isa = PBXFileReference; fileEncoding = 4; lastKnownFileType = sourcecode.swift; path = SignUpViewController.swift; sourceTree = "<group>"; };
		23CB16BC1F27A21000310857 /* LogInViewController.swift */ = {isa = PBXFileReference; fileEncoding = 4; lastKnownFileType = sourcecode.swift; path = LogInViewController.swift; sourceTree = "<group>"; };
		23CB16BE1F27A21F00310857 /* SignUpViewModel.swift */ = {isa = PBXFileReference; fileEncoding = 4; lastKnownFileType = sourcecode.swift; path = SignUpViewModel.swift; sourceTree = "<group>"; };
		23CB16C01F27A2A200310857 /* LogInViewModel.swift */ = {isa = PBXFileReference; fileEncoding = 4; lastKnownFileType = sourcecode.swift; path = LogInViewModel.swift; sourceTree = "<group>"; };
		23E0D6641F2B9D2C005E8E9F /* ConnectViewModel.swift */ = {isa = PBXFileReference; fileEncoding = 4; lastKnownFileType = sourcecode.swift; path = ConnectViewModel.swift; sourceTree = "<group>"; };
		23E0D6661F2B9E1C005E8E9F /* TwicketSegmentedControl+Rx.swift */ = {isa = PBXFileReference; fileEncoding = 4; lastKnownFileType = sourcecode.swift; path = "TwicketSegmentedControl+Rx.swift"; sourceTree = "<group>"; };
		23E0D6691F2BBB7D005E8E9F /* Palette.swift */ = {isa = PBXFileReference; fileEncoding = 4; lastKnownFileType = sourcecode.swift; path = Palette.swift; sourceTree = "<group>"; };
		23E0D66A1F2BBB7D005E8E9F /* TwicketSegmentedControl.swift */ = {isa = PBXFileReference; fileEncoding = 4; lastKnownFileType = sourcecode.swift; path = TwicketSegmentedControl.swift; sourceTree = "<group>"; };
		23E0D66B1F2BBB7D005E8E9F /* UIViewShadowExtension.swift */ = {isa = PBXFileReference; fileEncoding = 4; lastKnownFileType = sourcecode.swift; path = UIViewShadowExtension.swift; sourceTree = "<group>"; };
		23E23A951F327298003FCE4E /* Kingfisher.swift */ = {isa = PBXFileReference; fileEncoding = 4; lastKnownFileType = sourcecode.swift; path = Kingfisher.swift; sourceTree = "<group>"; };
		23E23A991F33BAD7003FCE4E /* BannerImage.swift */ = {isa = PBXFileReference; fileEncoding = 4; lastKnownFileType = sourcecode.swift; path = BannerImage.swift; sourceTree = "<group>"; };
		23E23A9B1F34D120003FCE4E /* HeaderCollapsible.swift */ = {isa = PBXFileReference; fileEncoding = 4; lastKnownFileType = sourcecode.swift; path = HeaderCollapsible.swift; sourceTree = "<group>"; };
		23E23AA11F38C2B7003FCE4E /* HeaderCollapsible+defaultTable.stencil */ = {isa = PBXFileReference; fileEncoding = 4; lastKnownFileType = text; path = "HeaderCollapsible+defaultTable.stencil"; sourceTree = "<group>"; };
		23EC75B71F3DFA0400A415D0 /* AWSConstants.swift */ = {isa = PBXFileReference; fileEncoding = 4; lastKnownFileType = sourcecode.swift; path = AWSConstants.swift; sourceTree = "<group>"; };
		23EC75D51F3E256D00A415D0 /* UIViewController.swift */ = {isa = PBXFileReference; fileEncoding = 4; lastKnownFileType = sourcecode.swift; path = UIViewController.swift; sourceTree = "<group>"; };
		23FCE4031F3CBD7A00CBCAA0 /* AuthService.swift */ = {isa = PBXFileReference; fileEncoding = 4; lastKnownFileType = sourcecode.swift; path = AuthService.swift; sourceTree = "<group>"; };
		3829EB387CBB4C9E808588D9 /* Pods-Atlas.debug.xcconfig */ = {isa = PBXFileReference; includeInIndex = 1; lastKnownFileType = text.xcconfig; name = "Pods-Atlas.debug.xcconfig"; path = "Pods/Target Support Files/Pods-Atlas/Pods-Atlas.debug.xcconfig"; sourceTree = "<group>"; };
		94A21020256249F402D96D5C /* Pods-Atlas.release.xcconfig */ = {isa = PBXFileReference; includeInIndex = 1; lastKnownFileType = text.xcconfig; name = "Pods-Atlas.release.xcconfig"; path = "Pods/Target Support Files/Pods-Atlas/Pods-Atlas.release.xcconfig"; sourceTree = "<group>"; };
		CF380FC0BB4B728207972622 /* Pods_Atlas.framework */ = {isa = PBXFileReference; explicitFileType = wrapper.framework; includeInIndex = 0; path = Pods_Atlas.framework; sourceTree = BUILT_PRODUCTS_DIR; };
/* End PBXFileReference section */

/* Begin PBXFrameworksBuildPhase section */
		2385A2A01F1EACAF00DD0FDE /* Frameworks */ = {
			isa = PBXFrameworksBuildPhase;
			buildActionMask = 2147483647;
			files = (
				69AF444DA16B29D2728F947B /* Pods_Atlas.framework in Frameworks */,
			);
			runOnlyForDeploymentPostprocessing = 0;
		};
/* End PBXFrameworksBuildPhase section */

/* Begin PBXGroup section */
		2334739F1F2A9B6E003DB1C8 /* Cells */ = {
			isa = PBXGroup;
			children = (
			);
			name = Cells;
			sourceTree = "<group>";
		};
		2376D8091F2BE29D00AE4084 /* Fonts */ = {
			isa = PBXGroup;
			children = (
				2376D80A1F2BE2A900AE4084 /* OpenSans */,
			);
			name = Fonts;
			sourceTree = "<group>";
		};
		2376D80A1F2BE2A900AE4084 /* OpenSans */ = {
			isa = PBXGroup;
			children = (
				2376D80B1F2BE2B300AE4084 /* OpenSans-Bold.ttf */,
				2376D80C1F2BE2B300AE4084 /* OpenSans-BoldItalic.ttf */,
				2376D80D1F2BE2B300AE4084 /* OpenSans-ExtraBold.ttf */,
				2376D80E1F2BE2B300AE4084 /* OpenSans-ExtraBoldItalic.ttf */,
				2376D80F1F2BE2B300AE4084 /* OpenSans-Italic.ttf */,
				2376D8101F2BE2B300AE4084 /* OpenSans-Light.ttf */,
				2376D8111F2BE2B300AE4084 /* OpenSans-LightItalic.ttf */,
				2376D8121F2BE2B300AE4084 /* OpenSans-Regular.ttf */,
				2376D8131F2BE2B300AE4084 /* OpenSans-SemiBold.ttf */,
				2376D8141F2BE2B300AE4084 /* OpenSans-SemiBoldItalic.ttf */,
			);
			name = OpenSans;
			sourceTree = "<group>";
		};
		2385A29A1F1EACAF00DD0FDE = {
			isa = PBXGroup;
			children = (
				2385A2A51F1EACAF00DD0FDE /* Atlas */,
				2385A2A41F1EACAF00DD0FDE /* Products */,
				8AB8115A60821C4F565026E7 /* Pods */,
				8A17AE504830B891ECBEB311 /* Frameworks */,
			);
			sourceTree = "<group>";
		};
		2385A2A41F1EACAF00DD0FDE /* Products */ = {
			isa = PBXGroup;
			children = (
				2385A2A31F1EACAF00DD0FDE /* Atlas.app */,
			);
			name = Products;
			sourceTree = "<group>";
		};
		2385A2A51F1EACAF00DD0FDE /* Atlas */ = {
			isa = PBXGroup;
			children = (
				2385A2A61F1EACAF00DD0FDE /* AppDelegate.swift */,
				2385A2B81F1EACC700DD0FDE /* Assets */,
				2385A2C01F1EAD0200DD0FDE /* Common */,
				23C8C2191F1FE1A00056B4F2 /* Coordinators */,
				2385A2BE1F1EACF500DD0FDE /* Extensions */,
				23E23A9D1F38C2AC003FCE4E /* Generated */,
				2385A2C31F1EAD5300DD0FDE /* Models */,
				2385A2BF1F1EACFA00DD0FDE /* Protocols */,
				23C8C2331F1FEA600056B4F2 /* Scenes */,
				2385A2BD1F1EACEF00DD0FDE /* Services */,
				23E23AA01F38C2B7003FCE4E /* Templates */,
				2385A2C41F1EAD6200DD0FDE /* Resources */,
				2385A2B91F1EACCF00DD0FDE /* Views */,
				2385A2BA1F1EACD500DD0FDE /* View Controllers */,
				2385A2BB1F1EACDC00DD0FDE /* View Models */,
				2385A2C11F1EAD0700DD0FDE /* Utilities */,
				2385A2B21F1EACAF00DD0FDE /* Info.plist */,
				23218F221F2A457000F651CC /* Auth0.plist */,
			);
			path = Atlas;
			sourceTree = "<group>";
		};
		2385A2B81F1EACC700DD0FDE /* Assets */ = {
			isa = PBXGroup;
			children = (
				2376D8091F2BE29D00AE4084 /* Fonts */,
				2385A2AD1F1EACAF00DD0FDE /* Assets.xcassets */,
			);
			name = Assets;
			sourceTree = "<group>";
		};
		2385A2B91F1EACCF00DD0FDE /* Views */ = {
			isa = PBXGroup;
			children = (
				2385A2C21F1EAD3700DD0FDE /* Cells */,
			);
			name = Views;
			sourceTree = "<group>";
		};
		2385A2BA1F1EACD500DD0FDE /* View Controllers */ = {
			isa = PBXGroup;
			children = (
				23C8C2201F1FE3CF0056B4F2 /* Auth */,
				23BF377C1F213AB10066DC9D /* AtlasTabBarController.swift */,
				23C8C23A1F1FEFCF0056B4F2 /* Home */,
				23C8C23B1F1FEFD30056B4F2 /* Connect */,
				23C8C23F1F1FF0040056B4F2 /* Run */,
				23C8C23D1F1FEFF80056B4F2 /* Messages */,
				23C8C23C1F1FEFF40056B4F2 /* Profile */,
			);
			name = "View Controllers";
			sourceTree = "<group>";
		};
		2385A2BB1F1EACDC00DD0FDE /* View Models */ = {
			isa = PBXGroup;
			children = (
				2334739F1F2A9B6E003DB1C8 /* Cells */,
				23C8C2211F1FE3DD0056B4F2 /* Auth */,
				23BF37801F2149C60066DC9D /* AtlasTabBarViewModel.swift */,
				23C8C2441F1FF02A0056B4F2 /* Home */,
				23C8C2431F1FF0230056B4F2 /* Connect */,
				23C8C2421F1FF01D0056B4F2 /* Run */,
				23C8C2411F1FF0180056B4F2 /* Messages */,
				23C8C2401F1FF0140056B4F2 /* Profile */,
			);
			name = "View Models";
			sourceTree = "<group>";
		};
		2385A2BD1F1EACEF00DD0FDE /* Services */ = {
			isa = PBXGroup;
			children = (
				23FCE4031F3CBD7A00CBCAA0 /* AuthService.swift */,
			);
			name = Services;
			sourceTree = "<group>";
		};
		2385A2BE1F1EACF500DD0FDE /* Extensions */ = {
			isa = PBXGroup;
			children = (
				23BF37571F20F9730066DC9D /* MKMapView+Rx.swift */,
				23BF37581F20F9730066DC9D /* RxMKMapViewDelegateProxy.swift */,
				23BF375B1F20F9B60066DC9D /* CLLocationManager+Rx.swift */,
				23BF377E1F2141DB0066DC9D /* UITabBarController+Rx.swift */,
				230996A91F26384000F94FD9 /* UIColor.swift */,
				230996AF1F2641B800F94FD9 /* Date.swift */,
				23E0D6661F2B9E1C005E8E9F /* TwicketSegmentedControl+Rx.swift */,
				239B2C391F322273007BC817 /* DispatchQueue.swift */,
				239124BC1F32635E0025EC25 /* User+AvatarData.swift */,
				23E23A951F327298003FCE4E /* Kingfisher.swift */,
				23EC75D51F3E256D00A415D0 /* UIViewController.swift */,
			);
			name = Extensions;
			sourceTree = "<group>";
		};
		2385A2BF1F1EACFA00DD0FDE /* Protocols */ = {
			isa = PBXGroup;
			children = (
				23C8C2171F1FE0B40056B4F2 /* CoordinatorType.swift */,
				23C8C21E1F1FE30E0056B4F2 /* BindableType.swift */,
				23C8C2231F1FE4200056B4F2 /* TransitionType.swift */,
				23C8C2341F1FEA9F0056B4F2 /* SceneType.swift */,
				237BA7ED1F30C37F009F3F27 /* CellType.swift */,
				23E23A9B1F34D120003FCE4E /* HeaderCollapsible.swift */,
			);
			name = Protocols;
			sourceTree = "<group>";
		};
		2385A2C01F1EAD0200DD0FDE /* Common */ = {
			isa = PBXGroup;
			children = (
				239124BA1F3261F00025EC25 /* AvatarImageViewConfiguration.swift */,
			);
			name = Common;
			sourceTree = "<group>";
		};
		2385A2C11F1EAD0700DD0FDE /* Utilities */ = {
			isa = PBXGroup;
			children = (
				23E0D6681F2BBB7D005E8E9F /* Twicket */,
				230996A71F26380D00F94FD9 /* Colors.swift */,
				230996AB1F263A0600F94FD9 /* Fonts.swift */,
				230996AD1F263DA100F94FD9 /* MockUser.swift */,
				23E23A991F33BAD7003FCE4E /* BannerImage.swift */,
				23EC75B71F3DFA0400A415D0 /* AWSConstants.swift */,
			);
			name = Utilities;
			sourceTree = "<group>";
		};
		2385A2C21F1EAD3700DD0FDE /* Cells */ = {
			isa = PBXGroup;
			children = (
				239B2C371F312648007BC817 /* ChartTableViewCell.swift */,
				233473A01F2A9B93003DB1C8 /* ConnectTableViewCell.swift */,
				237BA7E91F2FE2BD009F3F27 /* ProfileTableViewCell.swift */,
				237BA7EB1F2FE5E3009F3F27 /* StatBlockCollectionViewCell.swift */,
				239B2C2D1F30EF2D007BC817 /* RunTableViewCell.swift */,
				239B2C2F1F310BF4007BC817 /* ActivityTableViewCell.swift */,
			);
			name = Cells;
			sourceTree = "<group>";
		};
		2385A2C31F1EAD5300DD0FDE /* Models */ = {
			isa = PBXGroup;
			children = (
				230986361F1FB44400C5BC16 /* User.swift */,
				230986381F1FB68800C5BC16 /* Run.swift */,
				2309863D1F1FB75C00C5BC16 /* Event.swift */,
			);
			name = Models;
			sourceTree = "<group>";
		};
		2385A2C41F1EAD6200DD0FDE /* Resources */ = {
			isa = PBXGroup;
			children = (
				2385A2C51F1EAD6C00DD0FDE /* Cells */,
				2385A2AF1F1EACAF00DD0FDE /* LaunchScreen.storyboard */,
				23C8C2271F1FE7030056B4F2 /* Auth.storyboard */,
				2385A2AA1F1EACAF00DD0FDE /* Main.storyboard */,
				23C8C2291F1FE7870056B4F2 /* Home.storyboard */,
				23C8C22B1F1FE78E0056B4F2 /* Connect.storyboard */,
				23C8C22D1F1FE7960056B4F2 /* Run.storyboard */,
				23C8C22F1F1FE7A80056B4F2 /* Messages.storyboard */,
				23C8C2311F1FE7B30056B4F2 /* Profile.storyboard */,
			);
			name = Resources;
			sourceTree = "<group>";
		};
		2385A2C51F1EAD6C00DD0FDE /* Cells */ = {
			isa = PBXGroup;
			children = (
			);
			name = Cells;
			sourceTree = "<group>";
		};
		23C8C2191F1FE1A00056B4F2 /* Coordinators */ = {
			isa = PBXGroup;
			children = (
				23C8C2381F1FECBD0056B4F2 /* Coordinator.swift */,
			);
			name = Coordinators;
			sourceTree = "<group>";
		};
		23C8C2201F1FE3CF0056B4F2 /* Auth */ = {
			isa = PBXGroup;
			children = (
				23C8C2151F1FDF140056B4F2 /* LandingViewController.swift */,
				23CB16BA1F27A20200310857 /* SignUpViewController.swift */,
				23CB16BC1F27A21000310857 /* LogInViewController.swift */,
			);
			name = Auth;
			sourceTree = "<group>";
		};
		23C8C2211F1FE3DD0056B4F2 /* Auth */ = {
			isa = PBXGroup;
			children = (
				23C8C21C1F1FE1DF0056B4F2 /* LandingViewModel.swift */,
				23CB16BE1F27A21F00310857 /* SignUpViewModel.swift */,
				23CB16C01F27A2A200310857 /* LogInViewModel.swift */,
			);
			name = Auth;
			sourceTree = "<group>";
		};
		23C8C2331F1FEA600056B4F2 /* Scenes */ = {
			isa = PBXGroup;
			children = (
				23C8C2361F1FEACE0056B4F2 /* AuthScene.swift */,
				23BF37611F2101340066DC9D /* MainScene.swift */,
				239B2C351F311B27007BC817 /* HomeScene.swift */,
				23BF37821F214CF70066DC9D /* RunScene.swift */,
				239B2C2B1F30E8DD007BC817 /* ConnectScene.swift */,
			);
			name = Scenes;
			sourceTree = "<group>";
		};
		23C8C23A1F1FEFCF0056B4F2 /* Home */ = {
			isa = PBXGroup;
			children = (
				239B2C311F310CF2007BC817 /* HomeViewController.swift */,
			);
			name = Home;
			sourceTree = "<group>";
		};
		23C8C23B1F1FEFD30056B4F2 /* Connect */ = {
			isa = PBXGroup;
			children = (
				2334739D1F2A9A97003DB1C8 /* ConnectViewController.swift */,
				2376D8071F2BD30900AE4084 /* UserDetailViewController.swift */,
			);
			name = Connect;
			sourceTree = "<group>";
		};
		23C8C23C1F1FEFF40056B4F2 /* Profile */ = {
			isa = PBXGroup;
			children = (
				237BA7E71F2FE24D009F3F27 /* ProfileViewController.swift */,
			);
			name = Profile;
			sourceTree = "<group>";
		};
		23C8C23D1F1FEFF80056B4F2 /* Messages */ = {
			isa = PBXGroup;
			children = (
			);
			name = Messages;
			sourceTree = "<group>";
		};
		23C8C23F1F1FF0040056B4F2 /* Run */ = {
			isa = PBXGroup;
			children = (
				23BF375D1F20F9D70066DC9D /* RunViewController.swift */,
			);
			name = Run;
			sourceTree = "<group>";
		};
		23C8C2401F1FF0140056B4F2 /* Profile */ = {
			isa = PBXGroup;
			children = (
				235DC2911F4398E100CB3318 /* ProfileViewModel.swift */,
			);
			name = Profile;
			sourceTree = "<group>";
		};
		23C8C2411F1FF0180056B4F2 /* Messages */ = {
			isa = PBXGroup;
			children = (
			);
			name = Messages;
			sourceTree = "<group>";
		};
		23C8C2421F1FF01D0056B4F2 /* Run */ = {
			isa = PBXGroup;
			children = (
				23BF375F1F20FA2E0066DC9D /* RunViewModel.swift */,
			);
			name = Run;
			sourceTree = "<group>";
		};
		23C8C2431F1FF0230056B4F2 /* Connect */ = {
			isa = PBXGroup;
			children = (
				23E0D6641F2B9D2C005E8E9F /* ConnectViewModel.swift */,
			);
			name = Connect;
			sourceTree = "<group>";
		};
		23C8C2441F1FF02A0056B4F2 /* Home */ = {
			isa = PBXGroup;
			children = (
				239B2C331F311417007BC817 /* HomeViewModel.swift */,
			);
			name = Home;
			sourceTree = "<group>";
		};
		23E0D6681F2BBB7D005E8E9F /* Twicket */ = {
			isa = PBXGroup;
			children = (
				23E0D6691F2BBB7D005E8E9F /* Palette.swift */,
				23E0D66A1F2BBB7D005E8E9F /* TwicketSegmentedControl.swift */,
				23E0D66B1F2BBB7D005E8E9F /* UIViewShadowExtension.swift */,
			);
			path = Twicket;
			sourceTree = "<group>";
		};
		23E23A9D1F38C2AC003FCE4E /* Generated */ = {
			isa = PBXGroup;
			children = (
				23C775AD1F38C4C100BE45B4 /* HeaderCollapsible+defaultTable.generated.swift */,
			);
			path = Generated;
			sourceTree = "<group>";
		};
		23E23AA01F38C2B7003FCE4E /* Templates */ = {
			isa = PBXGroup;
			children = (
				23E23AA11F38C2B7003FCE4E /* HeaderCollapsible+defaultTable.stencil */,
			);
			path = Templates;
			sourceTree = "<group>";
		};
		8A17AE504830B891ECBEB311 /* Frameworks */ = {
			isa = PBXGroup;
			children = (
				CF380FC0BB4B728207972622 /* Pods_Atlas.framework */,
			);
			name = Frameworks;
			sourceTree = "<group>";
		};
		8AB8115A60821C4F565026E7 /* Pods */ = {
			isa = PBXGroup;
			children = (
				3829EB387CBB4C9E808588D9 /* Pods-Atlas.debug.xcconfig */,
				94A21020256249F402D96D5C /* Pods-Atlas.release.xcconfig */,
			);
			name = Pods;
			sourceTree = "<group>";
		};
/* End PBXGroup section */

/* Begin PBXNativeTarget section */
		2385A2A21F1EACAF00DD0FDE /* Atlas */ = {
			isa = PBXNativeTarget;
			buildConfigurationList = 2385A2B51F1EACAF00DD0FDE /* Build configuration list for PBXNativeTarget "Atlas" */;
			buildPhases = (
				9C259A339BB69050B704DF62 /* [CP] Check Pods Manifest.lock */,
				2385A29F1F1EACAF00DD0FDE /* Sources */,
				2385A2A01F1EACAF00DD0FDE /* Frameworks */,
				2385A2A11F1EACAF00DD0FDE /* Resources */,
				864A625025EBCB87EF58D32A /* [CP] Embed Pods Frameworks */,
				0F4CB0E93CFCB06E693F9CB6 /* [CP] Copy Pods Resources */,
				23C775AC1F38C36200BE45B4 /* ShellScript */,
			);
			buildRules = (
			);
			dependencies = (
			);
			name = Atlas;
			productName = Atlas;
			productReference = 2385A2A31F1EACAF00DD0FDE /* Atlas.app */;
			productType = "com.apple.product-type.application";
		};
/* End PBXNativeTarget section */

/* Begin PBXProject section */
		2385A29B1F1EACAF00DD0FDE /* Project object */ = {
			isa = PBXProject;
			attributes = {
				LastSwiftUpdateCheck = 0830;
				LastUpgradeCheck = 0830;
				ORGANIZATIONNAME = "Magfurul Abeer";
				TargetAttributes = {
					2385A2A21F1EACAF00DD0FDE = {
						CreatedOnToolsVersion = 8.3.3;
						DevelopmentTeam = W64MT7ZTAM;
						ProvisioningStyle = Manual;
					};
				};
			};
			buildConfigurationList = 2385A29E1F1EACAF00DD0FDE /* Build configuration list for PBXProject "Atlas" */;
			compatibilityVersion = "Xcode 3.2";
			developmentRegion = English;
			hasScannedForEncodings = 0;
			knownRegions = (
				en,
				Base,
			);
			mainGroup = 2385A29A1F1EACAF00DD0FDE;
			productRefGroup = 2385A2A41F1EACAF00DD0FDE /* Products */;
			projectDirPath = "";
			projectRoot = "";
			targets = (
				2385A2A21F1EACAF00DD0FDE /* Atlas */,
			);
		};
/* End PBXProject section */

/* Begin PBXResourcesBuildPhase section */
		2385A2A11F1EACAF00DD0FDE /* Resources */ = {
			isa = PBXResourcesBuildPhase;
			buildActionMask = 2147483647;
			files = (
				2376D8151F2BE2BF00AE4084 /* OpenSans-Bold.ttf in Resources */,
				2376D8181F2BE2BF00AE4084 /* OpenSans-ExtraBoldItalic.ttf in Resources */,
				23C8C2281F1FE7030056B4F2 /* Auth.storyboard in Resources */,
				2376D8191F2BE2BF00AE4084 /* OpenSans-Italic.ttf in Resources */,
				23E23AA21F38C2B7003FCE4E /* HeaderCollapsible+defaultTable.stencil in Resources */,
				2376D81E1F2BE2BF00AE4084 /* OpenSans-SemiBoldItalic.ttf in Resources */,
				23C8C22A1F1FE7870056B4F2 /* Home.storyboard in Resources */,
				23C8C2301F1FE7A80056B4F2 /* Messages.storyboard in Resources */,
				23C8C22E1F1FE7960056B4F2 /* Run.storyboard in Resources */,
				2385A2B11F1EACAF00DD0FDE /* LaunchScreen.storyboard in Resources */,
				2376D81B1F2BE2BF00AE4084 /* OpenSans-LightItalic.ttf in Resources */,
				2376D8161F2BE2BF00AE4084 /* OpenSans-BoldItalic.ttf in Resources */,
				23218F231F2A457000F651CC /* Auth0.plist in Resources */,
				2376D81A1F2BE2BF00AE4084 /* OpenSans-Light.ttf in Resources */,
				23C8C22C1F1FE78E0056B4F2 /* Connect.storyboard in Resources */,
				23C8C2321F1FE7B30056B4F2 /* Profile.storyboard in Resources */,
				2385A2AE1F1EACAF00DD0FDE /* Assets.xcassets in Resources */,
				2385A2AC1F1EACAF00DD0FDE /* Main.storyboard in Resources */,
				2376D81D1F2BE2BF00AE4084 /* OpenSans-SemiBold.ttf in Resources */,
				2376D81C1F2BE2BF00AE4084 /* OpenSans-Regular.ttf in Resources */,
				2376D8171F2BE2BF00AE4084 /* OpenSans-ExtraBold.ttf in Resources */,
			);
			runOnlyForDeploymentPostprocessing = 0;
		};
/* End PBXResourcesBuildPhase section */

/* Begin PBXShellScriptBuildPhase section */
		0F4CB0E93CFCB06E693F9CB6 /* [CP] Copy Pods Resources */ = {
			isa = PBXShellScriptBuildPhase;
			buildActionMask = 2147483647;
			files = (
			);
			inputPaths = (
			);
			name = "[CP] Copy Pods Resources";
			outputPaths = (
			);
			runOnlyForDeploymentPostprocessing = 0;
			shellPath = /bin/sh;
			shellScript = "\"${SRCROOT}/Pods/Target Support Files/Pods-Atlas/Pods-Atlas-resources.sh\"\n";
			showEnvVarsInLog = 0;
		};
		23C775AC1F38C36200BE45B4 /* ShellScript */ = {
			isa = PBXShellScriptBuildPhase;
			buildActionMask = 2147483647;
			files = (
			);
			inputPaths = (
			);
			outputPaths = (
			);
			runOnlyForDeploymentPostprocessing = 0;
			shellPath = /bin/sh;
			shellScript = "Pods/Sourcery/bin/sourcery --sources Atlas --templates Templates --output Generated";
		};
		864A625025EBCB87EF58D32A /* [CP] Embed Pods Frameworks */ = {
			isa = PBXShellScriptBuildPhase;
			buildActionMask = 2147483647;
			files = (
			);
			inputPaths = (
			);
			name = "[CP] Embed Pods Frameworks";
			outputPaths = (
			);
			runOnlyForDeploymentPostprocessing = 0;
			shellPath = /bin/sh;
			shellScript = "\"${SRCROOT}/Pods/Target Support Files/Pods-Atlas/Pods-Atlas-frameworks.sh\"\n";
			showEnvVarsInLog = 0;
		};
		9C259A339BB69050B704DF62 /* [CP] Check Pods Manifest.lock */ = {
			isa = PBXShellScriptBuildPhase;
			buildActionMask = 2147483647;
			files = (
			);
			inputPaths = (
			);
			name = "[CP] Check Pods Manifest.lock";
			outputPaths = (
			);
			runOnlyForDeploymentPostprocessing = 0;
			shellPath = /bin/sh;
			shellScript = "diff \"${PODS_PODFILE_DIR_PATH}/Podfile.lock\" \"${PODS_ROOT}/Manifest.lock\" > /dev/null\nif [ $? != 0 ] ; then\n    # print error to STDERR\n    echo \"error: The sandbox is not in sync with the Podfile.lock. Run 'pod install' or update your CocoaPods installation.\" >&2\n    exit 1\nfi\n";
			showEnvVarsInLog = 0;
		};
/* End PBXShellScriptBuildPhase section */

/* Begin PBXSourcesBuildPhase section */
		2385A29F1F1EACAF00DD0FDE /* Sources */ = {
			isa = PBXSourcesBuildPhase;
			buildActionMask = 2147483647;
			files = (
				239B2C301F310BF4007BC817 /* ActivityTableViewCell.swift in Sources */,
				23E0D66E1F2BBB7D005E8E9F /* UIViewShadowExtension.swift in Sources */,
				23BF37831F214CF70066DC9D /* RunScene.swift in Sources */,
				23E23A961F327298003FCE4E /* Kingfisher.swift in Sources */,
				2376D8081F2BD30900AE4084 /* UserDetailViewController.swift in Sources */,
				239124BD1F32635E0025EC25 /* User+AvatarData.swift in Sources */,
				239B2C381F312648007BC817 /* ChartTableViewCell.swift in Sources */,
				23EC75B81F3DFA0400A415D0 /* AWSConstants.swift in Sources */,
				23C8C2181F1FE0B40056B4F2 /* CoordinatorType.swift in Sources */,
				230996AE1F263DA100F94FD9 /* MockUser.swift in Sources */,
				23E0D66C1F2BBB7D005E8E9F /* Palette.swift in Sources */,
				230986391F1FB68800C5BC16 /* Run.swift in Sources */,
				23FCE4041F3CBD7A00CBCAA0 /* AuthService.swift in Sources */,
				23C8C2241F1FE4200056B4F2 /* TransitionType.swift in Sources */,
				2385A2A71F1EACAF00DD0FDE /* AppDelegate.swift in Sources */,
				23C775AE1F38C4C100BE45B4 /* HeaderCollapsible+defaultTable.generated.swift in Sources */,
				239B2C2C1F30E8DD007BC817 /* ConnectScene.swift in Sources */,
				23BF37601F20FA2E0066DC9D /* RunViewModel.swift in Sources */,
				235DC2921F4398E100CB3318 /* ProfileViewModel.swift in Sources */,
				230996AC1F263A0600F94FD9 /* Fonts.swift in Sources */,
				23CB16BF1F27A21F00310857 /* SignUpViewModel.swift in Sources */,
				23CB16BD1F27A21000310857 /* LogInViewController.swift in Sources */,
				23BF37591F20F9730066DC9D /* MKMapView+Rx.swift in Sources */,
				23BF375A1F20F9730066DC9D /* RxMKMapViewDelegateProxy.swift in Sources */,
				23BF375E1F20F9D70066DC9D /* RunViewController.swift in Sources */,
				237BA7EA1F2FE2BD009F3F27 /* ProfileTableViewCell.swift in Sources */,
				239B2C341F311417007BC817 /* HomeViewModel.swift in Sources */,
				239B2C321F310CF2007BC817 /* HomeViewController.swift in Sources */,
				239B2C2E1F30EF2D007BC817 /* RunTableViewCell.swift in Sources */,
				23C8C21F1F1FE30E0056B4F2 /* BindableType.swift in Sources */,
				23C8C2351F1FEA9F0056B4F2 /* SceneType.swift in Sources */,
				23E0D6651F2B9D2C005E8E9F /* ConnectViewModel.swift in Sources */,
				23E23A9A1F33BAD7003FCE4E /* BannerImage.swift in Sources */,
				23EC75D61F3E256D00A415D0 /* UIViewController.swift in Sources */,
				23E23A9C1F34D120003FCE4E /* HeaderCollapsible.swift in Sources */,
				239B2C3A1F322273007BC817 /* DispatchQueue.swift in Sources */,
				237BA7EC1F2FE5E3009F3F27 /* StatBlockCollectionViewCell.swift in Sources */,
				23C8C2371F1FEACE0056B4F2 /* AuthScene.swift in Sources */,
				23CB16C11F27A2A200310857 /* LogInViewModel.swift in Sources */,
				230986371F1FB44400C5BC16 /* User.swift in Sources */,
				237BA7E81F2FE24D009F3F27 /* ProfileViewController.swift in Sources */,
				237BA7EE1F30C37F009F3F27 /* CellType.swift in Sources */,
				230996AA1F26384000F94FD9 /* UIColor.swift in Sources */,
				239124BB1F3261F00025EC25 /* AvatarImageViewConfiguration.swift in Sources */,
				230996A81F26380D00F94FD9 /* Colors.swift in Sources */,
				23C8C2161F1FDF140056B4F2 /* LandingViewController.swift in Sources */,
				233473A11F2A9B93003DB1C8 /* ConnectTableViewCell.swift in Sources */,
				23BF377F1F2141DB0066DC9D /* UITabBarController+Rx.swift in Sources */,
				23E0D6671F2B9E1C005E8E9F /* TwicketSegmentedControl+Rx.swift in Sources */,
				23C8C21D1F1FE1DF0056B4F2 /* LandingViewModel.swift in Sources */,
				23BF375C1F20F9B60066DC9D /* CLLocationManager+Rx.swift in Sources */,
				23BF377D1F213AB10066DC9D /* AtlasTabBarController.swift in Sources */,
				23CB16BB1F27A20200310857 /* SignUpViewController.swift in Sources */,
				23BF37621F2101340066DC9D /* MainScene.swift in Sources */,
				23C8C2391F1FECBD0056B4F2 /* Coordinator.swift in Sources */,
				23BF37811F2149C60066DC9D /* AtlasTabBarViewModel.swift in Sources */,
				230996B01F2641B800F94FD9 /* Date.swift in Sources */,
				239B2C361F311B27007BC817 /* HomeScene.swift in Sources */,
				23E0D66D1F2BBB7D005E8E9F /* TwicketSegmentedControl.swift in Sources */,
				2309863E1F1FB75C00C5BC16 /* Event.swift in Sources */,
				2334739E1F2A9A97003DB1C8 /* ConnectViewController.swift in Sources */,
			);
			runOnlyForDeploymentPostprocessing = 0;
		};
/* End PBXSourcesBuildPhase section */

/* Begin PBXVariantGroup section */
		2385A2AA1F1EACAF00DD0FDE /* Main.storyboard */ = {
			isa = PBXVariantGroup;
			children = (
				2385A2AB1F1EACAF00DD0FDE /* Base */,
			);
			name = Main.storyboard;
			sourceTree = "<group>";
		};
		2385A2AF1F1EACAF00DD0FDE /* LaunchScreen.storyboard */ = {
			isa = PBXVariantGroup;
			children = (
				2385A2B01F1EACAF00DD0FDE /* Base */,
			);
			name = LaunchScreen.storyboard;
			sourceTree = "<group>";
		};
/* End PBXVariantGroup section */

/* Begin XCBuildConfiguration section */
		2385A2B31F1EACAF00DD0FDE /* Debug */ = {
			isa = XCBuildConfiguration;
			buildSettings = {
				ALWAYS_SEARCH_USER_PATHS = NO;
				CLANG_ANALYZER_NONNULL = YES;
				CLANG_ANALYZER_NUMBER_OBJECT_CONVERSION = YES_AGGRESSIVE;
				CLANG_CXX_LANGUAGE_STANDARD = "gnu++0x";
				CLANG_CXX_LIBRARY = "libc++";
				CLANG_ENABLE_MODULES = YES;
				CLANG_ENABLE_OBJC_ARC = YES;
				CLANG_WARN_BOOL_CONVERSION = YES;
				CLANG_WARN_CONSTANT_CONVERSION = YES;
				CLANG_WARN_DIRECT_OBJC_ISA_USAGE = YES_ERROR;
				CLANG_WARN_DOCUMENTATION_COMMENTS = YES;
				CLANG_WARN_EMPTY_BODY = YES;
				CLANG_WARN_ENUM_CONVERSION = YES;
				CLANG_WARN_INFINITE_RECURSION = YES;
				CLANG_WARN_INT_CONVERSION = YES;
				CLANG_WARN_OBJC_ROOT_CLASS = YES_ERROR;
				CLANG_WARN_SUSPICIOUS_MOVE = YES;
				CLANG_WARN_UNREACHABLE_CODE = YES;
				CLANG_WARN__DUPLICATE_METHOD_MATCH = YES;
				"CODE_SIGN_IDENTITY[sdk=iphoneos*]" = "iPhone Developer";
				COPY_PHASE_STRIP = NO;
				DEBUG_INFORMATION_FORMAT = dwarf;
				ENABLE_STRICT_OBJC_MSGSEND = YES;
				ENABLE_TESTABILITY = YES;
				GCC_C_LANGUAGE_STANDARD = gnu99;
				GCC_DYNAMIC_NO_PIC = NO;
				GCC_NO_COMMON_BLOCKS = YES;
				GCC_OPTIMIZATION_LEVEL = 0;
				GCC_PREPROCESSOR_DEFINITIONS = (
					"DEBUG=1",
					"$(inherited)",
				);
				GCC_WARN_64_TO_32_BIT_CONVERSION = YES;
				GCC_WARN_ABOUT_RETURN_TYPE = YES_ERROR;
				GCC_WARN_UNDECLARED_SELECTOR = YES;
				GCC_WARN_UNINITIALIZED_AUTOS = YES_AGGRESSIVE;
				GCC_WARN_UNUSED_FUNCTION = YES;
				GCC_WARN_UNUSED_VARIABLE = YES;
				IPHONEOS_DEPLOYMENT_TARGET = 10.3;
				MTL_ENABLE_DEBUG_INFO = YES;
				ONLY_ACTIVE_ARCH = YES;
				SDKROOT = iphoneos;
				SWIFT_ACTIVE_COMPILATION_CONDITIONS = DEBUG;
				SWIFT_OPTIMIZATION_LEVEL = "-Onone";
			};
			name = Debug;
		};
		2385A2B41F1EACAF00DD0FDE /* Release */ = {
			isa = XCBuildConfiguration;
			buildSettings = {
				ALWAYS_SEARCH_USER_PATHS = NO;
				CLANG_ANALYZER_NONNULL = YES;
				CLANG_ANALYZER_NUMBER_OBJECT_CONVERSION = YES_AGGRESSIVE;
				CLANG_CXX_LANGUAGE_STANDARD = "gnu++0x";
				CLANG_CXX_LIBRARY = "libc++";
				CLANG_ENABLE_MODULES = YES;
				CLANG_ENABLE_OBJC_ARC = YES;
				CLANG_WARN_BOOL_CONVERSION = YES;
				CLANG_WARN_CONSTANT_CONVERSION = YES;
				CLANG_WARN_DIRECT_OBJC_ISA_USAGE = YES_ERROR;
				CLANG_WARN_DOCUMENTATION_COMMENTS = YES;
				CLANG_WARN_EMPTY_BODY = YES;
				CLANG_WARN_ENUM_CONVERSION = YES;
				CLANG_WARN_INFINITE_RECURSION = YES;
				CLANG_WARN_INT_CONVERSION = YES;
				CLANG_WARN_OBJC_ROOT_CLASS = YES_ERROR;
				CLANG_WARN_SUSPICIOUS_MOVE = YES;
				CLANG_WARN_UNREACHABLE_CODE = YES;
				CLANG_WARN__DUPLICATE_METHOD_MATCH = YES;
				"CODE_SIGN_IDENTITY[sdk=iphoneos*]" = "iPhone Developer";
				COPY_PHASE_STRIP = NO;
				DEBUG_INFORMATION_FORMAT = "dwarf-with-dsym";
				ENABLE_NS_ASSERTIONS = NO;
				ENABLE_STRICT_OBJC_MSGSEND = YES;
				GCC_C_LANGUAGE_STANDARD = gnu99;
				GCC_NO_COMMON_BLOCKS = YES;
				GCC_WARN_64_TO_32_BIT_CONVERSION = YES;
				GCC_WARN_ABOUT_RETURN_TYPE = YES_ERROR;
				GCC_WARN_UNDECLARED_SELECTOR = YES;
				GCC_WARN_UNINITIALIZED_AUTOS = YES_AGGRESSIVE;
				GCC_WARN_UNUSED_FUNCTION = YES;
				GCC_WARN_UNUSED_VARIABLE = YES;
				IPHONEOS_DEPLOYMENT_TARGET = 10.3;
				MTL_ENABLE_DEBUG_INFO = NO;
				SDKROOT = iphoneos;
				SWIFT_OPTIMIZATION_LEVEL = "-Owholemodule";
				VALIDATE_PRODUCT = YES;
			};
			name = Release;
		};
		2385A2B61F1EACAF00DD0FDE /* Debug */ = {
			isa = XCBuildConfiguration;
			baseConfigurationReference = 3829EB387CBB4C9E808588D9 /* Pods-Atlas.debug.xcconfig */;
			buildSettings = {
				ASSETCATALOG_COMPILER_APPICON_NAME = AppIcon;
				"CODE_SIGN_IDENTITY[sdk=iphoneos*]" = "iPhone Developer";
				CURRENT_PROJECT_VERSION = 6;
				DEVELOPMENT_TEAM = W64MT7ZTAM;
				INFOPLIST_FILE = Atlas/Info.plist;
				LD_RUNPATH_SEARCH_PATHS = "$(inherited) @executable_path/Frameworks";
				PRODUCT_BUNDLE_IDENTIFIER = com.trn.atlas;
				PRODUCT_NAME = "$(TARGET_NAME)";
				PROVISIONING_PROFILE = "3713343c-1dbc-4e01-97d8-a85f9b3bdb76";
				PROVISIONING_PROFILE_SPECIFIER = "match Development com.trn.atlas";
				SWIFT_VERSION = 3.0;
			};
			name = Debug;
		};
		2385A2B71F1EACAF00DD0FDE /* Release */ = {
			isa = XCBuildConfiguration;
			baseConfigurationReference = 94A21020256249F402D96D5C /* Pods-Atlas.release.xcconfig */;
			buildSettings = {
				ASSETCATALOG_COMPILER_APPICON_NAME = AppIcon;
				"CODE_SIGN_IDENTITY[sdk=iphoneos*]" = "iPhone Developer";
				CURRENT_PROJECT_VERSION = 6;
				DEVELOPMENT_TEAM = W64MT7ZTAM;
				INFOPLIST_FILE = Atlas/Info.plist;
				LD_RUNPATH_SEARCH_PATHS = "$(inherited) @executable_path/Frameworks";
				PRODUCT_BUNDLE_IDENTIFIER = com.trn.atlas;
				PRODUCT_NAME = "$(TARGET_NAME)";
				PROVISIONING_PROFILE = "3713343c-1dbc-4e01-97d8-a85f9b3bdb76";
				PROVISIONING_PROFILE_SPECIFIER = "match Development com.trn.atlas";
				SWIFT_VERSION = 3.0;
			};
			name = Release;
		};
/* End XCBuildConfiguration section */

/* Begin XCConfigurationList section */
		2385A29E1F1EACAF00DD0FDE /* Build configuration list for PBXProject "Atlas" */ = {
			isa = XCConfigurationList;
			buildConfigurations = (
				2385A2B31F1EACAF00DD0FDE /* Debug */,
				2385A2B41F1EACAF00DD0FDE /* Release */,
			);
			defaultConfigurationIsVisible = 0;
			defaultConfigurationName = Release;
		};
		2385A2B51F1EACAF00DD0FDE /* Build configuration list for PBXNativeTarget "Atlas" */ = {
			isa = XCConfigurationList;
			buildConfigurations = (
				2385A2B61F1EACAF00DD0FDE /* Debug */,
				2385A2B71F1EACAF00DD0FDE /* Release */,
			);
			defaultConfigurationIsVisible = 0;
			defaultConfigurationName = Release;
		};
/* End XCConfigurationList section */
	};
	rootObject = 2385A29B1F1EACAF00DD0FDE /* Project object */;
}
